
Microsoft Visual Studio Solution File, Format Version 12.00
# Visual Studio Version 17
VisualStudioVersion = 17.13.35806.99 d17.13
MinimumVisualStudioVersion = 10.0.40219.1
Project("{FAE04EC0-301F-11D3-BF4B-00C04F79EFBC}") = "Employee_Management_System_API", "Employee_Management_System_API\Employee_Management_System_API.csproj", "{670BEAB7-B0F4-4DE5-9436-D01AA2F4FF43}"
EndProject
Global
	GlobalSection(SolutionConfigurationPlatforms) = preSolution
		Debug|Any CPU = Debug|Any CPU
		Release|Any CPU = Release|Any CPU
	EndGlobalSection
	GlobalSection(ProjectConfigurationPlatforms) = postSolution
		{670BEAB7-B0F4-4DE5-9436-D01AA2F4FF43}.Debug|Any CPU.ActiveCfg = Debug|Any CPU
		{670BEAB7-B0F4-4DE5-9436-D01AA2F4FF43}.Debug|Any CPU.Build.0 = Debug|Any CPU
		{670BEAB7-B0F4-4DE5-9436-D01AA2F4FF43}.Release|Any CPU.ActiveCfg = Release|Any CPU
		{670BEAB7-B0F4-4DE5-9436-D01AA2F4FF43}.Release|Any CPU.Build.0 = Release|Any CPU
	EndGlobalSection
	GlobalSection(SolutionProperties) = preSolution
		HideSolutionNode = FALSE
	EndGlobalSection
	GlobalSection(ExtensibilityGlobals) = postSolution
		SolutionGuid = {85F65B2D-1DD8-49C9-9E0B-51F0463BDE82}
	EndGlobalSection
EndGlobal
